
Microsoft Visual Studio Solution File, Format Version 12.00
# Visual Studio Version 16
VisualStudioVersion = 16.0.31205.134
MinimumVisualStudioVersion = 10.0.40219.1
Project("{9A19103F-16F7-4668-BE54-9A1E7A4F7556}") = "Fibula.Plugins.Database.InMemoryOnly", "Fibula.Plugins.Database.InMemoryOnly\Fibula.Plugins.Database.InMemoryOnly.csproj", "{AD5439F6-E979-486E-816E-ACC999B9CBD3}"
EndProject
Global
	GlobalSection(SolutionConfigurationPlatforms) = preSolution
		Debug|Any CPU = Debug|Any CPU
		Release|Any CPU = Release|Any CPU
	EndGlobalSection
	GlobalSection(ProjectConfigurationPlatforms) = postSolution
		{AD5439F6-E979-486E-816E-ACC999B9CBD3}.Debug|Any CPU.ActiveCfg = Debug|Any CPU
		{AD5439F6-E979-486E-816E-ACC999B9CBD3}.Debug|Any CPU.Build.0 = Debug|Any CPU
		{AD5439F6-E979-486E-816E-ACC999B9CBD3}.Release|Any CPU.ActiveCfg = Release|Any CPU
		{AD5439F6-E979-486E-816E-ACC999B9CBD3}.Release|Any CPU.Build.0 = Release|Any CPU
	EndGlobalSection
	GlobalSection(SolutionProperties) = preSolution
		HideSolutionNode = FALSE
	EndGlobalSection
	GlobalSection(ExtensibilityGlobals) = postSolution
		SolutionGuid = {C6EE0BA5-EEEF-42BB-A5D6-442ACA7F631B}
	EndGlobalSection
EndGlobal
